
Microsoft Visual Studio Solution File, Format Version 12.00
# Visual Studio Version 16
VisualStudioVersion = 16.0.30413.136
MinimumVisualStudioVersion = 10.0.40219.1
Project("{9A19103F-16F7-4668-BE54-9A1E7A4F7556}") = "MatchmakerServer", "MatchmakerServer\MatchmakerServer.csproj", "{C49ED3D0-B1D6-41C5-8AE5-6611411CD808}"
EndProject
Project("{9A19103F-16F7-4668-BE54-9A1E7A4F7556}") = "DAL", "DAL\DAL.csproj", "{72A89A5D-8D64-4BC4-86F6-0FFD7B1F1E50}"
EndProject
Project("{9A19103F-16F7-4668-BE54-9A1E7A4F7556}") = "UnitTests", "UnitTests\UnitTests.csproj", "{C0E2E203-8C80-4AC8-A6DD-D77C14C267CB}"
EndProject
Project("{9A19103F-16F7-4668-BE54-9A1E7A4F7556}") = "NetworkLibrary", "NetworkLibrary\NetworkLibrary.csproj", "{F48B387F-45CB-4898-9A3B-6E241AF13815}"
EndProject
Project("{9A19103F-16F7-4668-BE54-9A1E7A4F7556}") = "MatchmakerIntegrationTests", "MatchmakerIntegrationTests\MatchmakerIntegrationTests.csproj", "{C7473C46-FE18-4263-925D-57012B098187}"
EndProject
Global
	GlobalSection(SolutionConfigurationPlatforms) = preSolution
		Debug|Any CPU = Debug|Any CPU
		Release|Any CPU = Release|Any CPU
	EndGlobalSection
	GlobalSection(ProjectConfigurationPlatforms) = postSolution
		{C49ED3D0-B1D6-41C5-8AE5-6611411CD808}.Debug|Any CPU.ActiveCfg = Debug|Any CPU
		{C49ED3D0-B1D6-41C5-8AE5-6611411CD808}.Debug|Any CPU.Build.0 = Debug|Any CPU
		{C49ED3D0-B1D6-41C5-8AE5-6611411CD808}.Release|Any CPU.ActiveCfg = Release|Any CPU
		{C49ED3D0-B1D6-41C5-8AE5-6611411CD808}.Release|Any CPU.Build.0 = Release|Any CPU
		{72A89A5D-8D64-4BC4-86F6-0FFD7B1F1E50}.Debug|Any CPU.ActiveCfg = Debug|Any CPU
		{72A89A5D-8D64-4BC4-86F6-0FFD7B1F1E50}.Debug|Any CPU.Build.0 = Debug|Any CPU
		{72A89A5D-8D64-4BC4-86F6-0FFD7B1F1E50}.Release|Any CPU.ActiveCfg = Release|Any CPU
		{72A89A5D-8D64-4BC4-86F6-0FFD7B1F1E50}.Release|Any CPU.Build.0 = Release|Any CPU
		{C0E2E203-8C80-4AC8-A6DD-D77C14C267CB}.Debug|Any CPU.ActiveCfg = Debug|Any CPU
		{C0E2E203-8C80-4AC8-A6DD-D77C14C267CB}.Debug|Any CPU.Build.0 = Debug|Any CPU
		{C0E2E203-8C80-4AC8-A6DD-D77C14C267CB}.Release|Any CPU.ActiveCfg = Release|Any CPU
		{C0E2E203-8C80-4AC8-A6DD-D77C14C267CB}.Release|Any CPU.Build.0 = Release|Any CPU
		{F48B387F-45CB-4898-9A3B-6E241AF13815}.Debug|Any CPU.ActiveCfg = Debug|Any CPU
		{F48B387F-45CB-4898-9A3B-6E241AF13815}.Debug|Any CPU.Build.0 = Debug|Any CPU
		{F48B387F-45CB-4898-9A3B-6E241AF13815}.Release|Any CPU.ActiveCfg = Release|Any CPU
		{F48B387F-45CB-4898-9A3B-6E241AF13815}.Release|Any CPU.Build.0 = Release|Any CPU
		{C7473C46-FE18-4263-925D-57012B098187}.Debug|Any CPU.ActiveCfg = Debug|Any CPU
		{C7473C46-FE18-4263-925D-57012B098187}.Debug|Any CPU.Build.0 = Debug|Any CPU
		{C7473C46-FE18-4263-925D-57012B098187}.Release|Any CPU.ActiveCfg = Release|Any CPU
		{C7473C46-FE18-4263-925D-57012B098187}.Release|Any CPU.Build.0 = Release|Any CPU
	EndGlobalSection
	GlobalSection(SolutionProperties) = preSolution
		HideSolutionNode = FALSE
	EndGlobalSection
	GlobalSection(ExtensibilityGlobals) = postSolution
		SolutionGuid = {5C87C6B8-0549-4663-87A6-A0890A186036}
	EndGlobalSection
EndGlobal
